
Microsoft Visual Studio Solution File, Format Version 12.00
# Visual Studio Version 16
VisualStudioVersion = 16.0.30413.136
MinimumVisualStudioVersion = 10.0.40219.1
Project("{FAE04EC0-301F-11D3-BF4B-00C04F79EFBC}") = "grade-converter", "grade-converter\grade-converter.csproj", "{EDF68A7A-2D48-4076-88AD-E85AFC58F17A}"
EndProject
Global
	GlobalSection(SolutionConfigurationPlatforms) = preSolution
		Debug|Any CPU = Debug|Any CPU
		Release|Any CPU = Release|Any CPU
	EndGlobalSection
	GlobalSection(ProjectConfigurationPlatforms) = postSolution
		{EDF68A7A-2D48-4076-88AD-E85AFC58F17A}.Debug|Any CPU.ActiveCfg = Debug|Any CPU
		{EDF68A7A-2D48-4076-88AD-E85AFC58F17A}.Debug|Any CPU.Build.0 = Debug|Any CPU
		{EDF68A7A-2D48-4076-88AD-E85AFC58F17A}.Release|Any CPU.ActiveCfg = Release|Any CPU
		{EDF68A7A-2D48-4076-88AD-E85AFC58F17A}.Release|Any CPU.Build.0 = Release|Any CPU
	EndGlobalSection
	GlobalSection(SolutionProperties) = preSolution
		HideSolutionNode = FALSE
	EndGlobalSection
	GlobalSection(ExtensibilityGlobals) = postSolution
		SolutionGuid = {E3422AE5-E7D2-4431-A77C-CB5157536781}
	EndGlobalSection
EndGlobal
