
Microsoft Visual Studio Solution File, Format Version 12.00
# Visual Studio Version 16
VisualStudioVersion = 16.0.30413.136
MinimumVisualStudioVersion = 10.0.40219.1
Project("{FAE04EC0-301F-11D3-BF4B-00C04F79EFBC}") = "ch11-demo1", "ch11-demo1\ch11-demo1.csproj", "{857FB039-9E21-428F-B814-403A56F159B3}"
EndProject
Global
	GlobalSection(SolutionConfigurationPlatforms) = preSolution
		Debug|Any CPU = Debug|Any CPU
		Release|Any CPU = Release|Any CPU
	EndGlobalSection
	GlobalSection(ProjectConfigurationPlatforms) = postSolution
		{857FB039-9E21-428F-B814-403A56F159B3}.Debug|Any CPU.ActiveCfg = Debug|Any CPU
		{857FB039-9E21-428F-B814-403A56F159B3}.Debug|Any CPU.Build.0 = Debug|Any CPU
		{857FB039-9E21-428F-B814-403A56F159B3}.Release|Any CPU.ActiveCfg = Release|Any CPU
		{857FB039-9E21-428F-B814-403A56F159B3}.Release|Any CPU.Build.0 = Release|Any CPU
	EndGlobalSection
	GlobalSection(SolutionProperties) = preSolution
		HideSolutionNode = FALSE
	EndGlobalSection
	GlobalSection(ExtensibilityGlobals) = postSolution
		SolutionGuid = {4BAB5C9B-2205-41C4-88EA-B90AFBABAC8A}
	EndGlobalSection
EndGlobal
