
Microsoft Visual Studio Solution File, Format Version 12.00
# Visual Studio Version 16
VisualStudioVersion = 16.0.30413.136
MinimumVisualStudioVersion = 10.0.40219.1
Project("{FAE04EC0-301F-11D3-BF4B-00C04F79EFBC}") = "3-1-temperature-calculator", "3-1-temperature-calculator\3-1-temperature-calculator.csproj", "{FD4725E8-FFB4-4C7E-8855-CD79B77110E8}"
EndProject
Global
	GlobalSection(SolutionConfigurationPlatforms) = preSolution
		Debug|Any CPU = Debug|Any CPU
		Release|Any CPU = Release|Any CPU
	EndGlobalSection
	GlobalSection(ProjectConfigurationPlatforms) = postSolution
		{FD4725E8-FFB4-4C7E-8855-CD79B77110E8}.Debug|Any CPU.ActiveCfg = Debug|Any CPU
		{FD4725E8-FFB4-4C7E-8855-CD79B77110E8}.Debug|Any CPU.Build.0 = Debug|Any CPU
		{FD4725E8-FFB4-4C7E-8855-CD79B77110E8}.Release|Any CPU.ActiveCfg = Release|Any CPU
		{FD4725E8-FFB4-4C7E-8855-CD79B77110E8}.Release|Any CPU.Build.0 = Release|Any CPU
	EndGlobalSection
	GlobalSection(SolutionProperties) = preSolution
		HideSolutionNode = FALSE
	EndGlobalSection
	GlobalSection(ExtensibilityGlobals) = postSolution
		SolutionGuid = {8BF426D8-19E8-45D3-92EB-26EFD4F5269D}
	EndGlobalSection
EndGlobal
